
Microsoft Visual Studio Solution File, Format Version 12.00
# Visual Studio Version 16
VisualStudioVersion = 16.0.33423.256
MinimumVisualStudioVersion = 10.0.40219.1
Project("{FAE04EC0-301F-11D3-BF4B-00C04F79EFBC}") = "WinformVoetbal", "WinformVoetbal\WinformVoetbal.csproj", "{6E9FF4F7-BED4-4A36-B67F-E1D14EAAE271}"
EndProject
Project("{FAE04EC0-301F-11D3-BF4B-00C04F79EFBC}") = "LibraryVoetbal", "LibraryVoetbal\LibraryVoetbal.csproj", "{2D5FCC32-A2CE-4D97-944A-AF4174468503}"
EndProject
Global
	GlobalSection(SolutionConfigurationPlatforms) = preSolution
		Debug|Any CPU = Debug|Any CPU
		Release|Any CPU = Release|Any CPU
	EndGlobalSection
	GlobalSection(ProjectConfigurationPlatforms) = postSolution
		{6E9FF4F7-BED4-4A36-B67F-E1D14EAAE271}.Debug|Any CPU.ActiveCfg = Debug|Any CPU
		{6E9FF4F7-BED4-4A36-B67F-E1D14EAAE271}.Debug|Any CPU.Build.0 = Debug|Any CPU
		{6E9FF4F7-BED4-4A36-B67F-E1D14EAAE271}.Release|Any CPU.ActiveCfg = Release|Any CPU
		{6E9FF4F7-BED4-4A36-B67F-E1D14EAAE271}.Release|Any CPU.Build.0 = Release|Any CPU
		{2D5FCC32-A2CE-4D97-944A-AF4174468503}.Debug|Any CPU.ActiveCfg = Debug|Any CPU
		{2D5FCC32-A2CE-4D97-944A-AF4174468503}.Debug|Any CPU.Build.0 = Debug|Any CPU
		{2D5FCC32-A2CE-4D97-944A-AF4174468503}.Release|Any CPU.ActiveCfg = Release|Any CPU
		{2D5FCC32-A2CE-4D97-944A-AF4174468503}.Release|Any CPU.Build.0 = Release|Any CPU
	EndGlobalSection
	GlobalSection(SolutionProperties) = preSolution
		HideSolutionNode = FALSE
	EndGlobalSection
	GlobalSection(ExtensibilityGlobals) = postSolution
		SolutionGuid = {4B442EBB-B813-4880-9C68-8094872EFDC0}
	EndGlobalSection
EndGlobal
